// !$*UTF8*$!
{
	archiveVersion = 1;
	classes = {
	};
	objectVersion = 46;
	objects = {

/* Begin PBXBuildFile section */
		455C6ED91A1D81F300522A03 /* main.m in Sources */ = {isa = PBXBuildFile; fileRef = 455C6ED81A1D81F300522A03 /* main.m */; };
		455C6EDC1A1D81F300522A03 /* AppDelegate.m in Sources */ = {isa = PBXBuildFile; fileRef = 455C6EDB1A1D81F300522A03 /* AppDelegate.m */; };
		455C6EDF1A1D81F300522A03 /* ViewController.m in Sources */ = {isa = PBXBuildFile; fileRef = 455C6EDE1A1D81F300522A03 /* ViewController.m */; };
		455C6EE21A1D81F300522A03 /* Main.storyboard in Resources */ = {isa = PBXBuildFile; fileRef = 455C6EE01A1D81F300522A03 /* Main.storyboard */; };
		455C6EE41A1D81F300522A03 /* Images.xcassets in Resources */ = {isa = PBXBuildFile; fileRef = 455C6EE31A1D81F300522A03 /* Images.xcassets */; };
		455C6EE71A1D81F300522A03 /* LaunchScreen.xib in Resources */ = {isa = PBXBuildFile; fileRef = 455C6EE51A1D81F300522A03 /* LaunchScreen.xib */; };
		455C6EF31A1D81F300522A03 /* CocoaPodsDemoTests.m in Sources */ = {isa = PBXBuildFile; fileRef = 455C6EF21A1D81F300522A03 /* CocoaPodsDemoTests.m */; };
/* End PBXBuildFile section */

/* Begin PBXContainerItemProxy section */
		455C6EED1A1D81F300522A03 /* PBXContainerItemProxy */ = {
			isa = PBXContainerItemProxy;
			containerPortal = 455C6ECB1A1D81F300522A03 /* Project object */;
			proxyType = 1;
			remoteGlobalIDString = 455C6ED21A1D81F300522A03;
			remoteInfo = CocoaPodsDemo;
		};
/* End PBXContainerItemProxy section */

/* Begin PBXFileReference section */
		455C6ED31A1D81F300522A03 /* CocoaPodsDemo.app */ = {isa = PBXFileReference; explicitFileType = wrapper.application; includeInIndex = 0; path = CocoaPodsDemo.app; sourceTree = BUILT_PRODUCTS_DIR; };
		455C6ED71A1D81F300522A03 /* Info.plist */ = {isa = PBXFileReference; lastKnownFileType = text.plist.xml; path = Info.plist; sourceTree = "<group>"; };
		455C6ED81A1D81F300522A03 /* main.m */ = {isa = PBXFileReference; lastKnownFileType = sourcecode.c.objc; path = main.m; sourceTree = "<group>"; };
		455C6EDA1A1D81F300522A03 /* AppDelegate.h */ = {isa = PBXFileReference; lastKnownFileType = sourcecode.c.h; path = AppDelegate.h; sourceTree = "<group>"; };
		455C6EDB1A1D81F300522A03 /* AppDelegate.m */ = {isa = PBXFileReference; lastKnownFileType = sourcecode.c.objc; path = AppDelegate.m; sourceTree = "<group>"; };
		455C6EDD1A1D81F300522A03 /* ViewController.h */ = {isa = PBXFileReference; lastKnownFileType = sourcecode.c.h; path = ViewController.h; sourceTree = "<group>"; };
		455C6EDE1A1D81F300522A03 /* ViewController.m */ = {isa = PBXFileReference; lastKnownFileType = sourcecode.c.objc; path = ViewController.m; sourceTree = "<group>"; };
		455C6EE11A1D81F300522A03 /* Base */ = {isa = PBXFileReference; lastKnownFileType = file.storyboard; name = Base; path = Base.lproj/Main.storyboard; sourceTree = "<group>"; };
		455C6EE31A1D81F300522A03 /* Images.xcassets */ = {isa = PBXFileReference; lastKnownFileType = folder.assetcatalog; path = Images.xcassets; sourceTree = "<group>"; };
		455C6EE61A1D81F300522A03 /* Base */ = {isa = PBXFileReference; lastKnownFileType = file.xib; name = Base; path = Base.lproj/LaunchScreen.xib; sourceTree = "<group>"; };
		455C6EEC1A1D81F300522A03 /* CocoaPodsDemoTests.xctest */ = {isa = PBXFileReference; explicitFileType = wrapper.cfbundle; includeInIndex = 0; path = CocoaPodsDemoTests.xctest; sourceTree = BUILT_PRODUCTS_DIR; };
		455C6EF11A1D81F300522A03 /* Info.plist */ = {isa = PBXFileReference; lastKnownFileType = text.plist.xml; path = Info.plist; sourceTree = "<group>"; };
		455C6EF21A1D81F300522A03 /* CocoaPodsDemoTests.m */ = {isa = PBXFileReference; lastKnownFileType = sourcecode.c.objc; path = CocoaPodsDemoTests.m; sourceTree = "<group>"; };
/* End PBXFileReference section */

/* Begin PBXFrameworksBuildPhase section */
		455C6ED01A1D81F300522A03 /* Frameworks */ = {
			isa = PBXFrameworksBuildPhase;
			buildActionMask = 2147483647;
			files = (
			);
			runOnlyForDeploymentPostprocessing = 0;
		};
		455C6EE91A1D81F300522A03 /* Frameworks */ = {
			isa = PBXFrameworksBuildPhase;
			buildActionMask = 2147483647;
			files = (
			);
			runOnlyForDeploymentPostprocessing = 0;
		};
/* End PBXFrameworksBuildPhase section */

/* Begin PBXGroup section */
		455C6ECA1A1D81F300522A03 = {
			isa = PBXGroup;
			children = (
				455C6ED51A1D81F300522A03 /* CocoaPodsDemo */,
				455C6EEF1A1D81F300522A03 /* CocoaPodsDemoTests */,
				455C6ED41A1D81F300522A03 /* Products */,
			);
			sourceTree = "<group>";
		};
		455C6ED41A1D81F300522A03 /* Products */ = {
			isa = PBXGroup;
			children = (
				455C6ED31A1D81F300522A03 /* CocoaPodsDemo.app */,
				455C6EEC1A1D81F300522A03 /* CocoaPodsDemoTests.xctest */,
			);
			name = Products;
			sourceTree = "<group>";
		};
		455C6ED51A1D81F300522A03 /* CocoaPodsDemo */ = {
			isa = PBXGroup;
			children = (
				455C6EDA1A1D81F300522A03 /* AppDelegate.h */,
				455C6EDB1A1D81F300522A03 /* AppDelegate.m */,
				455C6EDD1A1D81F300522A03 /* ViewController.h */,
				455C6EDE1A1D81F300522A03 /* ViewController.m */,
				455C6EE01A1D81F300522A03 /* Main.storyboard */,
				455C6EE31A1D81F300522A03 /* Images.xcassets */,
				455C6EE51A1D81F300522A03 /* LaunchScreen.xib */,
				455C6ED61A1D81F300522A03 /* Supporting Files */,
			);
			path = CocoaPodsDemo;
			sourceTree = "<group>";
		};
		455C6ED61A1D81F300522A03 /* Supporting Files */ = {
			isa = PBXGroup;
			children = (
				455C6ED71A1D81F300522A03 /* Info.plist */,
				455C6ED81A1D81F300522A03 /* main.m */,
			);
			name = "Supporting Files";
			sourceTree = "<group>";
		};
		455C6EEF1A1D81F300522A03 /* CocoaPodsDemoTests */ = {
			isa = PBXGroup;
			children = (
				455C6EF21A1D81F300522A03 /* CocoaPodsDemoTests.m */,
				455C6EF01A1D81F300522A03 /* Supporting Files */,
			);
			path = CocoaPodsDemoTests;
			sourceTree = "<group>";
		};
		455C6EF01A1D81F300522A03 /* Supporting Files */ = {
			isa = PBXGroup;
			children = (
				455C6EF11A1D81F300522A03 /* Info.plist */,
			);
			name = "Supporting Files";
			sourceTree = "<group>";
		};
/* End PBXGroup section */

/* Begin PBXNativeTarget section */
		455C6ED21A1D81F300522A03 /* CocoaPodsDemo */ = {
			isa = PBXNativeTarget;
			buildConfigurationList = 455C6EF61A1D81F300522A03 /* Build configuration list for PBXNativeTarget "CocoaPodsDemo" */;
			buildPhases = (
				455C6ECF1A1D81F300522A03 /* Sources */,
				455C6ED01A1D81F300522A03 /* Frameworks */,
				455C6ED11A1D81F300522A03 /* Resources */,
			);
			buildRules = (
			);
			dependencies = (
			);
			name = CocoaPodsDemo;
			productName = CocoaPodsDemo;
			productReference = 455C6ED31A1D81F300522A03 /* CocoaPodsDemo.app */;
			productType = "com.apple.product-type.application";
		};
		455C6EEB1A1D81F300522A03 /* CocoaPodsDemoTests */ = {
			isa = PBXNativeTarget;
			buildConfigurationList = 455C6EF91A1D81F300522A03 /* Build configuration list for PBXNativeTarget "CocoaPodsDemoTests" */;
			buildPhases = (
				455C6EE81A1D81F300522A03 /* Sources */,
				455C6EE91A1D81F300522A03 /* Frameworks */,
				455C6EEA1A1D81F300522A03 /* Resources */,
			);
			buildRules = (
			);
			dependencies = (
				455C6EEE1A1D81F300522A03 /* PBXTargetDependency */,
			);
			name = CocoaPodsDemoTests;
			productName = CocoaPodsDemoTests;
			productReference = 455C6EEC1A1D81F300522A03 /* CocoaPodsDemoTests.xctest */;
			productType = "com.apple.product-type.bundle.unit-test";
		};
/* End PBXNativeTarget section */

/* Begin PBXProject section */
		455C6ECB1A1D81F300522A03 /* Project object */ = {
			isa = PBXProject;
			attributes = {
				LastUpgradeCheck = 0610;
				ORGANIZATIONNAME = song.he;
				TargetAttributes = {
					455C6ED21A1D81F300522A03 = {
						CreatedOnToolsVersion = 6.1;
					};
					455C6EEB1A1D81F300522A03 = {
						CreatedOnToolsVersion = 6.1;
						TestTargetID = 455C6ED21A1D81F300522A03;
					};
				};
			};
			buildConfigurationList = 455C6ECE1A1D81F300522A03 /* Build configuration list for PBXProject "CocoaPodsDemo" */;
			compatibilityVersion = "Xcode 3.2";
			developmentRegion = English;
			hasScannedForEncodings = 0;
			knownRegions = (
				en,
				Base,
			);
			mainGroup = 455C6ECA1A1D81F300522A03;
			productRefGroup = 455C6ED41A1D81F300522A03 /* Products */;
			projectDirPath = "";
			projectRoot = "";
			targets = (
				455C6ED21A1D81F300522A03 /* CocoaPodsDemo */,
				455C6EEB1A1D81F300522A03 /* CocoaPodsDemoTests */,
			);
		};
/* End PBXProject section */

/* Begin PBXResourcesBuildPhase section */
		455C6ED11A1D81F300522A03 /* Resources */ = {
			isa = PBXResourcesBuildPhase;
			buildActionMask = 2147483647;
			files = (
				455C6EE21A1D81F300522A03 /* Main.storyboard in Resources */,
				455C6EE71A1D81F300522A03 /* LaunchScreen.xib in Resources */,
				455C6EE41A1D81F300522A03 /* Images.xcassets in Resources */,
			);
			runOnlyForDeploymentPostprocessing = 0;
		};
		455C6EEA1A1D81F300522A03 /* Resources */ = {
			isa = PBXResourcesBuildPhase;
			buildActionMask = 2147483647;
			files = (
			);
			runOnlyForDeploymentPostprocessing = 0;
		};
/* End PBXResourcesBuildPhase section */

/* Begin PBXSourcesBuildPhase section */
		455C6ECF1A1D81F300522A03 /* Sources */ = {
			isa = PBXSourcesBuildPhase;
			buildActionMask = 2147483647;
			files = (
				455C6EDF1A1D81F300522A03 /* ViewController.m in Sources */,
				455C6EDC1A1D81F300522A03 /* AppDelegate.m in Sources */,
				455C6ED91A1D81F300522A03 /* main.m in Sources */,
			);
			runOnlyForDeploymentPostprocessing = 0;
		};
		455C6EE81A1D81F300522A03 /* Sources */ = {
			isa = PBXSourcesBuildPhase;
			buildActionMask = 2147483647;
			files = (
				455C6EF31A1D81F300522A03 /* CocoaPodsDemoTests.m in Sources */,
			);
			runOnlyForDeploymentPostprocessing = 0;
		};
/* End PBXSourcesBuildPhase section */

/* Begin PBXTargetDependency section */
		455C6EEE1A1D81F300522A03 /* PBXTargetDependency */ = {
			isa = PBXTargetDependency;
			target = 455C6ED21A1D81F300522A03 /* CocoaPodsDemo */;
			targetProxy = 455C6EED1A1D81F300522A03 /* PBXContainerItemProxy */;
		};
/* End PBXTargetDependency section */

/* Begin PBXVariantGroup section */
		455C6EE01A1D81F300522A03 /* Main.storyboard */ = {
			isa = PBXVariantGroup;
			children = (
				455C6EE11A1D81F300522A03 /* Base */,
			);
			name = Main.storyboard;
			sourceTree = "<group>";
		};
		455C6EE51A1D81F300522A03 /* LaunchScreen.xib */ = {
			isa = PBXVariantGroup;
			children = (
				455C6EE61A1D81F300522A03 /* Base */,
			);
			name = LaunchScreen.xib;
			sourceTree = "<group>";
		};
/* End PBXVariantGroup section */

/* Begin XCBuildConfiguration section */
		455C6EF41A1D81F300522A03 /* Debug */ = {
			isa = XCBuildConfiguration;
			buildSettings = {
				ALWAYS_SEARCH_USER_PATHS = NO;
				CLANG_CXX_LANGUAGE_STANDARD = "gnu++0x";
				CLANG_CXX_LIBRARY = "libc++";
				CLANG_ENABLE_MODULES = YES;
				CLANG_ENABLE_OBJC_ARC = YES;
				CLANG_WARN_BOOL_CONVERSION = YES;
				CLANG_WARN_CONSTANT_CONVERSION = YES;
				CLANG_WARN_DIRECT_OBJC_ISA_USAGE = YES_ERROR;
				CLANG_WARN_EMPTY_BODY = YES;
				CLANG_WARN_ENUM_CONVERSION = YES;
				CLANG_WARN_INT_CONVERSION = YES;
				CLANG_WARN_OBJC_ROOT_CLASS = YES_ERROR;
				CLANG_WARN_UNREACHABLE_CODE = YES;
				CLANG_WARN__DUPLICATE_METHOD_MATCH = YES;
				"CODE_SIGN_IDENTITY[sdk=iphoneos*]" = "iPhone Developer";
				COPY_PHASE_STRIP = NO;
				ENABLE_STRICT_OBJC_MSGSEND = YES;
				GCC_C_LANGUAGE_STANDARD = gnu99;
				GCC_DYNAMIC_NO_PIC = NO;
				GCC_OPTIMIZATION_LEVEL = 0;
				GCC_PREPROCESSOR_DEFINITIONS = (
					"DEBUG=1",
					"$(inherited)",
				);
				GCC_SYMBOLS_PRIVATE_EXTERN = NO;
				GCC_WARN_64_TO_32_BIT_CONVERSION = YES;
				GCC_WARN_ABOUT_RETURN_TYPE = YES_ERROR;
				GCC_WARN_UNDECLARED_SELECTOR = YES;
				GCC_WARN_UNINITIALIZED_AUTOS = YES_AGGRESSIVE;
				GCC_WARN_UNUSED_FUNCTION = YES;
				GCC_WARN_UNUSED_VARIABLE = YES;
				IPHONEOS_DEPLOYMENT_TARGET = 8.1;
				MTL_ENABLE_DEBUG_INFO = YES;
				ONLY_ACTIVE_ARCH = YES;
				SDKROOT = iphoneos;
				TARGETED_DEVICE_FAMILY = "1,2";
			};
			name = Debug;
		};
		455C6EF51A1D81F300522A03 /* Release */ = {
			isa = XCBuildConfiguration;
			buildSettings = {
				ALWAYS_SEARCH_USER_PATHS = NO;
				CLANG_CXX_LANGUAGE_STANDARD = "gnu++0x";
				CLANG_CXX_LIBRARY = "libc++";
				CLANG_ENABLE_MODULES = YES;
				CLANG_ENABLE_OBJC_ARC = YES;
				CLANG_WARN_BOOL_CONVERSION = YES;
				CLANG_WARN_CONSTANT_CONVERSION = YES;
				CLANG_WARN_DIRECT_OBJC_ISA_USAGE = YES_ERROR;
				CLANG_WARN_EMPTY_BODY = YES;
				CLANG_WARN_ENUM_CONVERSION = YES;
				CLANG_WARN_INT_CONVERSION = YES;
				CLANG_WARN_OBJC_ROOT_CLASS = YES_ERROR;
				CLANG_WARN_UNREACHABLE_CODE = YES;
				CLANG_WARN__DUPLICATE_METHOD_MATCH = YES;
				"CODE_SIGN_IDENTITY[sdk=iphoneos*]" = "iPhone Developer";
				COPY_PHASE_STRIP = YES;
				ENABLE_NS_ASSERTIONS = NO;
				ENABLE_STRICT_OBJC_MSGSEND = YES;
				GCC_C_LANGUAGE_STANDARD = gnu99;
				GCC_WARN_64_TO_32_BIT_CONVERSION = YES;
				GCC_WARN_ABOUT_RETURN_TYPE = YES_ERROR;
				GCC_WARN_UNDECLARED_SELECTOR = YES;
				GCC_WARN_UNINITIALIZED_AUTOS = YES_AGGRESSIVE;
				GCC_WARN_UNUSED_FUNCTION = YES;
				GCC_WARN_UNUSED_VARIABLE = YES;
				IPHONEOS_DEPLOYMENT_TARGET = 8.1;
				MTL_ENABLE_DEBUG_INFO = NO;
				SDKROOT = iphoneos;
				TARGETED_DEVICE_FAMILY = "1,2";
				VALIDATE_PRODUCT = YES;
			};
			name = Release;
		};
		455C6EF71A1D81F300522A03 /* Debug */ = {
			isa = XCBuildConfiguration;
			buildSettings = {
				ASSETCATALOG_COMPILER_APPICON_NAME = AppIcon;
				INFOPLIST_FILE = CocoaPodsDemo/Info.plist;
				LD_RUNPATH_SEARCH_PATHS = "$(inherited) @executable_path/Frameworks";
				PRODUCT_NAME = "$(TARGET_NAME)";
			};
			name = Debug;
		};
		455C6EF81A1D81F300522A03 /* Release */ = {
			isa = XCBuildConfiguration;
			buildSettings = {
				ASSETCATALOG_COMPILER_APPICON_NAME = AppIcon;
				INFOPLIST_FILE = CocoaPodsDemo/Info.plist;
				LD_RUNPATH_SEARCH_PATHS = "$(inherited) @executable_path/Frameworks";
				PRODUCT_NAME = "$(TARGET_NAME)";
			};
			name = Release;
		};
		455C6EFA1A1D81F300522A03 /* Debug */ = {
			isa = XCBuildConfiguration;
			buildSettings = {
				BUNDLE_LOADER = "$(TEST_HOST)";
				FRAMEWORK_SEARCH_PATHS = (
					"$(SDKROOT)/Developer/Library/Frameworks",
					"$(inherited)",
				);
				GCC_PREPROCESSOR_DEFINITIONS = (
					"DEBUG=1",
					"$(inherited)",
				);
				INFOPLIST_FILE = CocoaPodsDemoTests/Info.plist;
				LD_RUNPATH_SEARCH_PATHS = "$(inherited) @executable_path/Frameworks @loader_path/Frameworks";
				PRODUCT_NAME = "$(TARGET_NAME)";
				TEST_HOST = "$(BUILT_PRODUCTS_DIR)/CocoaPodsDemo.app/CocoaPodsDemo";
			};
			name = Debug;
		};
		455C6EFB1A1D81F300522A03 /* Release */ = {
			isa = XCBuildConfiguration;
			buildSettings = {
				BUNDLE_LOADER = "$(TEST_HOST)";
				FRAMEWORK_SEARCH_PATHS = (
					"$(SDKROOT)/Developer/Library/Frameworks",
					"$(inherited)",
				);
				INFOPLIST_FILE = CocoaPodsDemoTests/Info.plist;
				LD_RUNPATH_SEARCH_PATHS = "$(inherited) @executable_path/Frameworks @loader_path/Frameworks";
				PRODUCT_NAME = "$(TARGET_NAME)";
				TEST_HOST = "$(BUILT_PRODUCTS_DIR)/CocoaPodsDemo.app/CocoaPodsDemo";
			};
			name = Release;
		};
/* End XCBuildConfiguration section */

/* Begin XCConfigurationList section */
		455C6ECE1A1D81F300522A03 /* Build configuration list for PBXProject "CocoaPodsDemo" */ = {
			isa = XCConfigurationList;
			buildConfigurations = (
				455C6EF41A1D81F300522A03 /* Debug */,
				455C6EF51A1D81F300522A03 /* Release */,
			);
			defaultConfigurationIsVisible = 0;
			defaultConfigurationName = Release;
		};
		455C6EF61A1D81F300522A03 /* Build configuration list for PBXNativeTarget "CocoaPodsDemo" */ = {
			isa = XCConfigurationList;
			buildConfigurations = (
				455C6EF71A1D81F300522A03 /* Debug */,
				455C6EF81A1D81F300522A03 /* Release */,
			);
			defaultConfigurationIsVisible = 0;
		};
		455C6EF91A1D81F300522A03 /* Build configuration list for PBXNativeTarget "CocoaPodsDemoTests" */ = {
			isa = XCConfigurationList;
			buildConfigurations = (
				455C6EFA1A1D81F300522A03 /* Debug */,
				455C6EFB1A1D81F300522A03 /* Release */,
			);
			defaultConfigurationIsVisible = 0;
		};
/* End XCConfigurationList section */
	};
	rootObject = 455C6ECB1A1D81F300522A03 /* Project object */;
}
